# THIS IS AN AUTOGENERATED FILE. DO NOT EDIT THIS FILE DIRECTLY.
# yarn lockfile v1


"@yd/utils@https://github.com/herowyd1994/yd-utils.git":
  version "1.0.0"
  resolved "https://github.com/herowyd1994/yd-utils.git#0aa678ba1050425c92f992d64c4077f60fcc2238"

prettier@^3.2.5:
  version "3.2.5"
  resolved "https://registry.npmmirror.com/prettier/-/prettier-3.2.5.tgz#e52bc3090586e824964a8813b09aba6233b28368"
  integrity sha512-3/GWa9aOC0YeD7LUfvOG2NiDyhOWRvt1k+rcKhOuYnMY24iiCphgneUfJDyFXd6rZCAnuLBv6UeAULtrhT/F4A==
